// !$*UTF8*$!
{
	archiveVersion = 1;
	classes = {
	};
	objectVersion = 56;
	objects = {

/* Begin PBXBuildFile section */
		BD012E5429D3DA9100BF24F6 /* README.md in Resources */ = {isa = PBXBuildFile; fileRef = BD012E5329D3DA9100BF24F6 /* README.md */; };
		BD012E5829D3DC5600BF24F6 /* TaskManagerPackage in Frameworks */ = {isa = PBXBuildFile; productRef = BD012E5729D3DC5600BF24F6 /* TaskManagerPackage */; };
		BD13136C299C9B60002FFA4F /* Repository.swift in Sources */ = {isa = PBXBuildFile; fileRef = BD13136B299C9B60002FFA4F /* Repository.swift */; };
		BD1D1CF329A0DE2500243114 /* SectionForTaskManagerAdapter.swift in Sources */ = {isa = PBXBuildFile; fileRef = BD1D1CF229A0DE2400243114 /* SectionForTaskManagerAdapter.swift */; };
		BD1D1CF529A105A400243114 /* TodoListPresenter.swift in Sources */ = {isa = PBXBuildFile; fileRef = BD1D1CF429A105A400243114 /* TodoListPresenter.swift */; };
		BD25262429E6885E00EF6AF4 /* TodoListInteractorTests.swift in Sources */ = {isa = PBXBuildFile; fileRef = BD25262329E6885E00EF6AF4 /* TodoListInteractorTests.swift */; };
		BD25263929E6945000EF6AF4 /* SectionForTaskManagerAdapter.swift in Sources */ = {isa = PBXBuildFile; fileRef = BD1D1CF229A0DE2400243114 /* SectionForTaskManagerAdapter.swift */; };
		BD25263A29E694E600EF6AF4 /* TodoListInteractor.swift in Sources */ = {isa = PBXBuildFile; fileRef = BDD0398629A63108002C5537 /* TodoListInteractor.swift */; };
		BD25263B29E6950B00EF6AF4 /* TodoListModel.swift in Sources */ = {isa = PBXBuildFile; fileRef = BD5C62AB29A50A7100902D82 /* TodoListModel.swift */; };
		BD25263D29E6952500EF6AF4 /* TodoListViewController.swift in Sources */ = {isa = PBXBuildFile; fileRef = BD4CD4B92998B1A9007906E6 /* TodoListViewController.swift */; };
		BD25263E29E6952F00EF6AF4 /* ToDoListCell.swift in Sources */ = {isa = PBXBuildFile; fileRef = BD4CD4CE2998BD84007906E6 /* ToDoListCell.swift */; };
		BD25263F29E699BE00EF6AF4 /* TodoListPresenter.swift in Sources */ = {isa = PBXBuildFile; fileRef = BD1D1CF429A105A400243114 /* TodoListPresenter.swift */; };
		BD25264229E69C6100EF6AF4 /* TaskPriority+CustomStringConvertible.swift in Sources */ = {isa = PBXBuildFile; fileRef = BD25264129E69C6100EF6AF4 /* TaskPriority+CustomStringConvertible.swift */; };
		BD25A4D029B7749F00ACD5B4 /* LoginRouter.swift in Sources */ = {isa = PBXBuildFile; fileRef = BD25A4CF29B7749F00ACD5B4 /* LoginRouter.swift */; };
		BD2C1F3329D152280066FB7E /* LoginPresenterSpy.swift in Sources */ = {isa = PBXBuildFile; fileRef = BD2C1F3229D152280066FB7E /* LoginPresenterSpy.swift */; };
		BD2C1F3529D152380066FB7E /* LoginWorkerSpy.swift in Sources */ = {isa = PBXBuildFile; fileRef = BD2C1F3429D152380066FB7E /* LoginWorkerSpy.swift */; };
		BD2C1F3729D152450066FB7E /* LoginInteractorSpy.swift in Sources */ = {isa = PBXBuildFile; fileRef = BD2C1F3629D152450066FB7E /* LoginInteractorSpy.swift */; };
		BD2C1F3929D1524F0066FB7E /* LoginViewControllerSpy.swift in Sources */ = {isa = PBXBuildFile; fileRef = BD2C1F3829D1524F0066FB7E /* LoginViewControllerSpy.swift */; };
		BD2C1F3B29D1525D0066FB7E /* LoginInteractorTests.swift in Sources */ = {isa = PBXBuildFile; fileRef = BD2C1F3A29D1525D0066FB7E /* LoginInteractorTests.swift */; };
		BD2C1F3D29D152680066FB7E /* LoginViewControllerTests.swift in Sources */ = {isa = PBXBuildFile; fileRef = BD2C1F3C29D152680066FB7E /* LoginViewControllerTests.swift */; };
		BD2C1F3F29D152730066FB7E /* LoginPresenterTests.swift in Sources */ = {isa = PBXBuildFile; fileRef = BD2C1F3E29D152730066FB7E /* LoginPresenterTests.swift */; };
		BD4CD4B62998B1A9007906E6 /* AppDelegate.swift in Sources */ = {isa = PBXBuildFile; fileRef = BD4CD4B52998B1A9007906E6 /* AppDelegate.swift */; };
		BD4CD4B82998B1A9007906E6 /* SceneDelegate.swift in Sources */ = {isa = PBXBuildFile; fileRef = BD4CD4B72998B1A9007906E6 /* SceneDelegate.swift */; };
		BD4CD4BA2998B1A9007906E6 /* TodoListViewController.swift in Sources */ = {isa = PBXBuildFile; fileRef = BD4CD4B92998B1A9007906E6 /* TodoListViewController.swift */; };
		BD4CD4BF2998B1AB007906E6 /* Assets.xcassets in Resources */ = {isa = PBXBuildFile; fileRef = BD4CD4BE2998B1AB007906E6 /* Assets.xcassets */; };
		BD4CD4C22998B1AB007906E6 /* LaunchScreen.storyboard in Resources */ = {isa = PBXBuildFile; fileRef = BD4CD4C02998B1AB007906E6 /* LaunchScreen.storyboard */; };
		BD4CD4CF2998BD84007906E6 /* ToDoListCell.swift in Sources */ = {isa = PBXBuildFile; fileRef = BD4CD4CE2998BD84007906E6 /* ToDoListCell.swift */; };
		BD4E3D3329A6102F00D48578 /* LoginScene.storyboard in Resources */ = {isa = PBXBuildFile; fileRef = BD4E3D3229A6102F00D48578 /* LoginScene.storyboard */; };
		BD5520DE29E65CDD009501B0 /* TodoListPresenterTests.swift in Sources */ = {isa = PBXBuildFile; fileRef = BD5520DD29E65CDD009501B0 /* TodoListPresenterTests.swift */; };
		BD5520E229E65D0F009501B0 /* TodoListViewControllerTests.swift in Sources */ = {isa = PBXBuildFile; fileRef = BD5520E129E65D0F009501B0 /* TodoListViewControllerTests.swift */; };
		BD5520E429E65D1E009501B0 /* TodoListPresenterSpy.swift in Sources */ = {isa = PBXBuildFile; fileRef = BD5520E329E65D1E009501B0 /* TodoListPresenterSpy.swift */; };
		BD5520E629E65D2D009501B0 /* TodoListViewControllerSpy.swift in Sources */ = {isa = PBXBuildFile; fileRef = BD5520E529E65D2D009501B0 /* TodoListViewControllerSpy.swift */; };
		BD5520E829E65D39009501B0 /* TodoListInteractorSpy.swift in Sources */ = {isa = PBXBuildFile; fileRef = BD5520E729E65D39009501B0 /* TodoListInteractorSpy.swift */; };
		BD5520EA29E65D43009501B0 /* TodoListTableViewSpy.swift in Sources */ = {isa = PBXBuildFile; fileRef = BD5520E929E65D43009501B0 /* TodoListTableViewSpy.swift */; };
		BD5C62AC29A50A7100902D82 /* TodoListModel.swift in Sources */ = {isa = PBXBuildFile; fileRef = BD5C62AB29A50A7100902D82 /* TodoListModel.swift */; };
		BDB4748B29BB873500C30295 /* LoginAssembler.swift in Sources */ = {isa = PBXBuildFile; fileRef = BDB4748A29BB873500C30295 /* LoginAssembler.swift */; };
		BDB4748D29BB8C0B00C30295 /* TodoListAssembler.swift in Sources */ = {isa = PBXBuildFile; fileRef = BDB4748C29BB8C0B00C30295 /* TodoListAssembler.swift */; };
		BDD0397D29A61EB6002C5537 /* LoginViewController.swift in Sources */ = {isa = PBXBuildFile; fileRef = BDD0397C29A61EB6002C5537 /* LoginViewController.swift */; };
		BDD0397F29A61EE1002C5537 /* LoginInteractor.swift in Sources */ = {isa = PBXBuildFile; fileRef = BDD0397E29A61EE1002C5537 /* LoginInteractor.swift */; };
		BDD0398129A61EEE002C5537 /* LoginPresenter.swift in Sources */ = {isa = PBXBuildFile; fileRef = BDD0398029A61EEE002C5537 /* LoginPresenter.swift */; };
		BDD0398329A61EFC002C5537 /* LoginModels.swift in Sources */ = {isa = PBXBuildFile; fileRef = BDD0398229A61EFC002C5537 /* LoginModels.swift */; };
		BDD0398529A61F0B002C5537 /* LoginWorker.swift in Sources */ = {isa = PBXBuildFile; fileRef = BDD0398429A61F0B002C5537 /* LoginWorker.swift */; };
		BDD0398729A63108002C5537 /* TodoListInteractor.swift in Sources */ = {isa = PBXBuildFile; fileRef = BDD0398629A63108002C5537 /* TodoListInteractor.swift */; };
		BDD8FE1929C7505B0013941A /* SectionForTaskManagerAdapterTests.swift in Sources */ = {isa = PBXBuildFile; fileRef = BDD8FE1829C7505B0013941A /* SectionForTaskManagerAdapterTests.swift */; };
		BDF531C929D05B4A001D8955 /* MockTaskManager.swift in Sources */ = {isa = PBXBuildFile; fileRef = BDF531C829D05B4A001D8955 /* MockTaskManager.swift */; };
/* End PBXBuildFile section */

/* Begin PBXContainerItemProxy section */
		BDD8FE0C29C48AFE0013941A /* PBXContainerItemProxy */ = {
			isa = PBXContainerItemProxy;
			containerPortal = BD4CD4AA2998B1A9007906E6 /* Project object */;
			proxyType = 1;
			remoteGlobalIDString = BD4CD4B12998B1A9007906E6;
			remoteInfo = ToDoList;
		};
/* End PBXContainerItemProxy section */

/* Begin PBXFileReference section */
		BD012E5329D3DA9100BF24F6 /* README.md */ = {isa = PBXFileReference; fileEncoding = 4; lastKnownFileType = net.daringfireball.markdown; name = README.md; path = ../README.md; sourceTree = "<group>"; };
		BD012E5629D3DC3D00BF24F6 /* TaskManagerPackage */ = {isa = PBXFileReference; lastKnownFileType = wrapper; name = TaskManagerPackage; path = ../Framework/TaskManagerPackage; sourceTree = "<group>"; };
		BD13136B299C9B60002FFA4F /* Repository.swift */ = {isa = PBXFileReference; lastKnownFileType = sourcecode.swift; path = Repository.swift; sourceTree = "<group>"; };
		BD1D1CF229A0DE2400243114 /* SectionForTaskManagerAdapter.swift */ = {isa = PBXFileReference; lastKnownFileType = sourcecode.swift; path = SectionForTaskManagerAdapter.swift; sourceTree = "<group>"; };
		BD1D1CF429A105A400243114 /* TodoListPresenter.swift */ = {isa = PBXFileReference; lastKnownFileType = sourcecode.swift; path = TodoListPresenter.swift; sourceTree = "<group>"; };
		BD25262329E6885E00EF6AF4 /* TodoListInteractorTests.swift */ = {isa = PBXFileReference; lastKnownFileType = sourcecode.swift; path = TodoListInteractorTests.swift; sourceTree = "<group>"; };
		BD25264129E69C6100EF6AF4 /* TaskPriority+CustomStringConvertible.swift */ = {isa = PBXFileReference; lastKnownFileType = sourcecode.swift; path = "TaskPriority+CustomStringConvertible.swift"; sourceTree = "<group>"; };
		BD25A4CF29B7749F00ACD5B4 /* LoginRouter.swift */ = {isa = PBXFileReference; lastKnownFileType = sourcecode.swift; path = LoginRouter.swift; sourceTree = "<group>"; };
		BD2C1F3229D152280066FB7E /* LoginPresenterSpy.swift */ = {isa = PBXFileReference; lastKnownFileType = sourcecode.swift; path = LoginPresenterSpy.swift; sourceTree = "<group>"; };
		BD2C1F3429D152380066FB7E /* LoginWorkerSpy.swift */ = {isa = PBXFileReference; lastKnownFileType = sourcecode.swift; path = LoginWorkerSpy.swift; sourceTree = "<group>"; };
		BD2C1F3629D152450066FB7E /* LoginInteractorSpy.swift */ = {isa = PBXFileReference; lastKnownFileType = sourcecode.swift; path = LoginInteractorSpy.swift; sourceTree = "<group>"; };
		BD2C1F3829D1524F0066FB7E /* LoginViewControllerSpy.swift */ = {isa = PBXFileReference; lastKnownFileType = sourcecode.swift; path = LoginViewControllerSpy.swift; sourceTree = "<group>"; };
		BD2C1F3A29D1525D0066FB7E /* LoginInteractorTests.swift */ = {isa = PBXFileReference; lastKnownFileType = sourcecode.swift; path = LoginInteractorTests.swift; sourceTree = "<group>"; };
		BD2C1F3C29D152680066FB7E /* LoginViewControllerTests.swift */ = {isa = PBXFileReference; lastKnownFileType = sourcecode.swift; path = LoginViewControllerTests.swift; sourceTree = "<group>"; };
		BD2C1F3E29D152730066FB7E /* LoginPresenterTests.swift */ = {isa = PBXFileReference; lastKnownFileType = sourcecode.swift; path = LoginPresenterTests.swift; sourceTree = "<group>"; };
		BD4CD4B22998B1A9007906E6 /* TodoList.app */ = {isa = PBXFileReference; explicitFileType = wrapper.application; includeInIndex = 0; path = TodoList.app; sourceTree = BUILT_PRODUCTS_DIR; };
		BD4CD4B52998B1A9007906E6 /* AppDelegate.swift */ = {isa = PBXFileReference; lastKnownFileType = sourcecode.swift; path = AppDelegate.swift; sourceTree = "<group>"; };
		BD4CD4B72998B1A9007906E6 /* SceneDelegate.swift */ = {isa = PBXFileReference; lastKnownFileType = sourcecode.swift; path = SceneDelegate.swift; sourceTree = "<group>"; };
		BD4CD4B92998B1A9007906E6 /* TodoListViewController.swift */ = {isa = PBXFileReference; lastKnownFileType = sourcecode.swift; path = TodoListViewController.swift; sourceTree = "<group>"; };
		BD4CD4BE2998B1AB007906E6 /* Assets.xcassets */ = {isa = PBXFileReference; lastKnownFileType = folder.assetcatalog; path = Assets.xcassets; sourceTree = "<group>"; };
		BD4CD4C12998B1AB007906E6 /* Base */ = {isa = PBXFileReference; lastKnownFileType = file.storyboard; name = Base; path = Base.lproj/LaunchScreen.storyboard; sourceTree = "<group>"; };
		BD4CD4C32998B1AB007906E6 /* Info.plist */ = {isa = PBXFileReference; lastKnownFileType = text.plist.xml; path = Info.plist; sourceTree = "<group>"; };
		BD4CD4CE2998BD84007906E6 /* ToDoListCell.swift */ = {isa = PBXFileReference; lastKnownFileType = sourcecode.swift; path = ToDoListCell.swift; sourceTree = "<group>"; };
		BD4E3D3229A6102F00D48578 /* LoginScene.storyboard */ = {isa = PBXFileReference; lastKnownFileType = file.storyboard; path = LoginScene.storyboard; sourceTree = "<group>"; };
		BD5520DD29E65CDD009501B0 /* TodoListPresenterTests.swift */ = {isa = PBXFileReference; lastKnownFileType = sourcecode.swift; path = TodoListPresenterTests.swift; sourceTree = "<group>"; };
		BD5520E129E65D0F009501B0 /* TodoListViewControllerTests.swift */ = {isa = PBXFileReference; lastKnownFileType = sourcecode.swift; path = TodoListViewControllerTests.swift; sourceTree = "<group>"; };
		BD5520E329E65D1E009501B0 /* TodoListPresenterSpy.swift */ = {isa = PBXFileReference; lastKnownFileType = sourcecode.swift; path = TodoListPresenterSpy.swift; sourceTree = "<group>"; };
		BD5520E529E65D2D009501B0 /* TodoListViewControllerSpy.swift */ = {isa = PBXFileReference; lastKnownFileType = sourcecode.swift; path = TodoListViewControllerSpy.swift; sourceTree = "<group>"; };
		BD5520E729E65D39009501B0 /* TodoListInteractorSpy.swift */ = {isa = PBXFileReference; lastKnownFileType = sourcecode.swift; path = TodoListInteractorSpy.swift; sourceTree = "<group>"; };
		BD5520E929E65D43009501B0 /* TodoListTableViewSpy.swift */ = {isa = PBXFileReference; lastKnownFileType = sourcecode.swift; path = TodoListTableViewSpy.swift; sourceTree = "<group>"; };
		BD5C62AB29A50A7100902D82 /* TodoListModel.swift */ = {isa = PBXFileReference; lastKnownFileType = sourcecode.swift; path = TodoListModel.swift; sourceTree = "<group>"; };
		BDB4748A29BB873500C30295 /* LoginAssembler.swift */ = {isa = PBXFileReference; lastKnownFileType = sourcecode.swift; path = LoginAssembler.swift; sourceTree = "<group>"; };
		BDB4748C29BB8C0B00C30295 /* TodoListAssembler.swift */ = {isa = PBXFileReference; lastKnownFileType = sourcecode.swift; path = TodoListAssembler.swift; sourceTree = "<group>"; };
		BDD0397C29A61EB6002C5537 /* LoginViewController.swift */ = {isa = PBXFileReference; lastKnownFileType = sourcecode.swift; path = LoginViewController.swift; sourceTree = "<group>"; };
		BDD0397E29A61EE1002C5537 /* LoginInteractor.swift */ = {isa = PBXFileReference; lastKnownFileType = sourcecode.swift; path = LoginInteractor.swift; sourceTree = "<group>"; };
		BDD0398029A61EEE002C5537 /* LoginPresenter.swift */ = {isa = PBXFileReference; lastKnownFileType = sourcecode.swift; path = LoginPresenter.swift; sourceTree = "<group>"; };
		BDD0398229A61EFC002C5537 /* LoginModels.swift */ = {isa = PBXFileReference; lastKnownFileType = sourcecode.swift; path = LoginModels.swift; sourceTree = "<group>"; };
		BDD0398429A61F0B002C5537 /* LoginWorker.swift */ = {isa = PBXFileReference; lastKnownFileType = sourcecode.swift; path = LoginWorker.swift; sourceTree = "<group>"; };
		BDD0398629A63108002C5537 /* TodoListInteractor.swift */ = {isa = PBXFileReference; lastKnownFileType = sourcecode.swift; path = TodoListInteractor.swift; sourceTree = "<group>"; };
		BDD8FE0829C48AFE0013941A /* TodoListTests.xctest */ = {isa = PBXFileReference; explicitFileType = wrapper.cfbundle; includeInIndex = 0; path = TodoListTests.xctest; sourceTree = BUILT_PRODUCTS_DIR; };
		BDD8FE1829C7505B0013941A /* SectionForTaskManagerAdapterTests.swift */ = {isa = PBXFileReference; lastKnownFileType = sourcecode.swift; path = SectionForTaskManagerAdapterTests.swift; sourceTree = "<group>"; };
		BDF531C829D05B4A001D8955 /* MockTaskManager.swift */ = {isa = PBXFileReference; lastKnownFileType = sourcecode.swift; path = MockTaskManager.swift; sourceTree = "<group>"; };
/* End PBXFileReference section */

/* Begin PBXFrameworksBuildPhase section */
		BD4CD4AF2998B1A9007906E6 /* Frameworks */ = {
			isa = PBXFrameworksBuildPhase;
			buildActionMask = 2147483647;
			files = (
				BD012E5829D3DC5600BF24F6 /* TaskManagerPackage in Frameworks */,
			);
			runOnlyForDeploymentPostprocessing = 0;
		};
		BDD8FE0529C48AFE0013941A /* Frameworks */ = {
			isa = PBXFrameworksBuildPhase;
			buildActionMask = 2147483647;
			files = (
			);
			runOnlyForDeploymentPostprocessing = 0;
		};
/* End PBXFrameworksBuildPhase section */

/* Begin PBXGroup section */
		BD09E42329E650C000299CCE /* Services */ = {
			isa = PBXGroup;
			children = (
				BDD8FE1829C7505B0013941A /* SectionForTaskManagerAdapterTests.swift */,
				BDF531C729D05B33001D8955 /* Test Doubles */,
			);
			path = Services;
			sourceTree = "<group>";
		};
		BD25264029E69C3000EF6AF4 /* Extensions */ = {
			isa = PBXGroup;
			children = (
				BD25264129E69C6100EF6AF4 /* TaskPriority+CustomStringConvertible.swift */,
			);
			path = Extensions;
			sourceTree = "<group>";
		};
		BD2C1F2F29D151DF0066FB7E /* Scenes */ = {
			isa = PBXGroup;
			children = (
				BD2C1F3029D151F30066FB7E /* LoginScene */,
				BD5520DB29E65B32009501B0 /* TodoListScene */,
			);
			path = Scenes;
			sourceTree = "<group>";
		};
		BD2C1F3029D151F30066FB7E /* LoginScene */ = {
			isa = PBXGroup;
			children = (
				BD2C1F3A29D1525D0066FB7E /* LoginInteractorTests.swift */,
				BD2C1F3C29D152680066FB7E /* LoginViewControllerTests.swift */,
				BD2C1F3E29D152730066FB7E /* LoginPresenterTests.swift */,
				BD2C1F3129D152160066FB7E /* Test Doubles */,
			);
			path = LoginScene;
			sourceTree = "<group>";
		};
		BD2C1F3129D152160066FB7E /* Test Doubles */ = {
			isa = PBXGroup;
			children = (
				BD2C1F3229D152280066FB7E /* LoginPresenterSpy.swift */,
				BD2C1F3429D152380066FB7E /* LoginWorkerSpy.swift */,
				BD2C1F3629D152450066FB7E /* LoginInteractorSpy.swift */,
				BD2C1F3829D1524F0066FB7E /* LoginViewControllerSpy.swift */,
			);
			path = "Test Doubles";
			sourceTree = "<group>";
		};
		BD4CD4A92998B1A9007906E6 = {
			isa = PBXGroup;
			children = (
				BD012E5329D3DA9100BF24F6 /* README.md */,
				BDA3C61C29CEC8BB00FE68AB /* Packages */,
				BD4CD4B42998B1A9007906E6 /* ToDoList */,
				BDD8FE0929C48AFE0013941A /* TodoListTests */,
				BD4CD4B32998B1A9007906E6 /* Products */,
				BDA8F58429CDDCC600C9AB45 /* Frameworks */,
			);
			sourceTree = "<group>";
		};
		BD4CD4B32998B1A9007906E6 /* Products */ = {
			isa = PBXGroup;
			children = (
				BD4CD4B22998B1A9007906E6 /* TodoList.app */,
				BDD8FE0829C48AFE0013941A /* TodoListTests.xctest */,
			);
			name = Products;
			sourceTree = "<group>";
		};
		BD4CD4B42998B1A9007906E6 /* ToDoList */ = {
			isa = PBXGroup;
			children = (
				BD4CD4B52998B1A9007906E6 /* AppDelegate.swift */,
				BD4CD4B72998B1A9007906E6 /* SceneDelegate.swift */,
				BD4CD4C32998B1AB007906E6 /* Info.plist */,
				BD4CD4CC2998BCC3007906E6 /* Services */,
				BD5C62AD29A50D0B00902D82 /* Scenes */,
				BDA934C029C4788F002B52AB /* Resources */,
				BD25264029E69C3000EF6AF4 /* Extensions */,
			);
			path = ToDoList;
			sourceTree = "<group>";
		};
		BD4CD4CC2998BCC3007906E6 /* Services */ = {
			isa = PBXGroup;
			children = (
				BD13136B299C9B60002FFA4F /* Repository.swift */,
				BD1D1CF229A0DE2400243114 /* SectionForTaskManagerAdapter.swift */,
			);
			name = Services;
			sourceTree = "<group>";
		};
		BD4CD4CD2998BCDA007906E6 /* TodoListScene */ = {
			isa = PBXGroup;
			children = (
				BD4CD4B92998B1A9007906E6 /* TodoListViewController.swift */,
				BDD0398629A63108002C5537 /* TodoListInteractor.swift */,
				BD1D1CF429A105A400243114 /* TodoListPresenter.swift */,
				BD5C62AB29A50A7100902D82 /* TodoListModel.swift */,
				BD4CD4CE2998BD84007906E6 /* ToDoListCell.swift */,
				BDB4748C29BB8C0B00C30295 /* TodoListAssembler.swift */,
			);
			path = TodoListScene;
			sourceTree = "<group>";
		};
		BD4E3D3129A60FFF00D48578 /* LoginScene */ = {
			isa = PBXGroup;
			children = (
				BD4E3D3229A6102F00D48578 /* LoginScene.storyboard */,
				BDD0397C29A61EB6002C5537 /* LoginViewController.swift */,
				BDD0397E29A61EE1002C5537 /* LoginInteractor.swift */,
				BDD0398029A61EEE002C5537 /* LoginPresenter.swift */,
				BDD0398229A61EFC002C5537 /* LoginModels.swift */,
				BDD0398429A61F0B002C5537 /* LoginWorker.swift */,
				BD25A4CF29B7749F00ACD5B4 /* LoginRouter.swift */,
				BDB4748A29BB873500C30295 /* LoginAssembler.swift */,
			);
			path = LoginScene;
			sourceTree = "<group>";
		};
		BD5520DB29E65B32009501B0 /* TodoListScene */ = {
			isa = PBXGroup;
			children = (
				BD5520DD29E65CDD009501B0 /* TodoListPresenterTests.swift */,
				BD25262329E6885E00EF6AF4 /* TodoListInteractorTests.swift */,
				BD5520E129E65D0F009501B0 /* TodoListViewControllerTests.swift */,
				BD5520DC29E65B58009501B0 /* Test Doubles */,
			);
			path = TodoListScene;
			sourceTree = "<group>";
		};
		BD5520DC29E65B58009501B0 /* Test Doubles */ = {
			isa = PBXGroup;
			children = (
				BD5520E329E65D1E009501B0 /* TodoListPresenterSpy.swift */,
				BD5520E529E65D2D009501B0 /* TodoListViewControllerSpy.swift */,
				BD5520E729E65D39009501B0 /* TodoListInteractorSpy.swift */,
				BD5520E929E65D43009501B0 /* TodoListTableViewSpy.swift */,
			);
			name = "Test Doubles";
			sourceTree = "<group>";
		};
		BD5C62AD29A50D0B00902D82 /* Scenes */ = {
			isa = PBXGroup;
			children = (
				BD4E3D3129A60FFF00D48578 /* LoginScene */,
				BD4CD4CD2998BCDA007906E6 /* TodoListScene */,
			);
			path = Scenes;
			sourceTree = "<group>";
		};
		BDA3C61C29CEC8BB00FE68AB /* Packages */ = {
			isa = PBXGroup;
			children = (
				BD012E5629D3DC3D00BF24F6 /* TaskManagerPackage */,
			);
			name = Packages;
			sourceTree = "<group>";
		};
		BDA8F58429CDDCC600C9AB45 /* Frameworks */ = {
			isa = PBXGroup;
			children = (
			);
			name = Frameworks;
			sourceTree = "<group>";
		};
		BDA934C029C4788F002B52AB /* Resources */ = {
			isa = PBXGroup;
			children = (
				BD4CD4C02998B1AB007906E6 /* LaunchScreen.storyboard */,
				BD4CD4BE2998B1AB007906E6 /* Assets.xcassets */,
			);
			path = Resources;
			sourceTree = "<group>";
		};
		BDD8FE0929C48AFE0013941A /* TodoListTests */ = {
			isa = PBXGroup;
			children = (
				BD2C1F2F29D151DF0066FB7E /* Scenes */,
				BD09E42329E650C000299CCE /* Services */,
			);
			path = TodoListTests;
			sourceTree = "<group>";
		};
		BDF531C729D05B33001D8955 /* Test Doubles */ = {
			isa = PBXGroup;
			children = (
				BDF531C829D05B4A001D8955 /* MockTaskManager.swift */,
			);
			path = "Test Doubles";
			sourceTree = "<group>";
		};
/* End PBXGroup section */

/* Begin PBXNativeTarget section */
		BD4CD4B12998B1A9007906E6 /* TodoList */ = {
			isa = PBXNativeTarget;
			buildConfigurationList = BD4CD4C62998B1AB007906E6 /* Build configuration list for PBXNativeTarget "TodoList" */;
			buildPhases = (
				BDB4748E29BC377900C30295 /* Run Swiftlint */,
				BD4CD4AE2998B1A9007906E6 /* Sources */,
				BD4CD4AF2998B1A9007906E6 /* Frameworks */,
				BD4CD4B02998B1A9007906E6 /* Resources */,
			);
			buildRules = (
			);
			dependencies = (
			);
			name = TodoList;
			packageProductDependencies = (
				BD012E5729D3DC5600BF24F6 /* TaskManagerPackage */,
			);
			productName = "LogunkovHW 1.4";
			productReference = BD4CD4B22998B1A9007906E6 /* TodoList.app */;
			productType = "com.apple.product-type.application";
		};
		BDD8FE0729C48AFE0013941A /* TodoListTests */ = {
			isa = PBXNativeTarget;
			buildConfigurationList = BDD8FE1029C48AFE0013941A /* Build configuration list for PBXNativeTarget "TodoListTests" */;
			buildPhases = (
				BDD8FE0429C48AFE0013941A /* Sources */,
				BDD8FE0529C48AFE0013941A /* Frameworks */,
				BDD8FE0629C48AFE0013941A /* Resources */,
			);
			buildRules = (
			);
			dependencies = (
				BDD8FE0D29C48AFE0013941A /* PBXTargetDependency */,
			);
			name = TodoListTests;
			productName = ToDoListTests;
			productReference = BDD8FE0829C48AFE0013941A /* TodoListTests.xctest */;
			productType = "com.apple.product-type.bundle.unit-test";
		};
/* End PBXNativeTarget section */

/* Begin PBXProject section */
		BD4CD4AA2998B1A9007906E6 /* Project object */ = {
			isa = PBXProject;
			attributes = {
				BuildIndependentTargetsInParallel = 1;
				LastSwiftUpdateCheck = 1420;
				LastUpgradeCheck = 1430;
				TargetAttributes = {
					BD4CD4B12998B1A9007906E6 = {
						CreatedOnToolsVersion = 14.2;
					};
					BDD8FE0729C48AFE0013941A = {
						CreatedOnToolsVersion = 14.2;
						LastSwiftMigration = 1420;
						TestTargetID = BD4CD4B12998B1A9007906E6;
					};
				};
			};
			buildConfigurationList = BD4CD4AD2998B1A9007906E6 /* Build configuration list for PBXProject "ToDoList" */;
			compatibilityVersion = "Xcode 14.0";
			developmentRegion = en;
			hasScannedForEncodings = 0;
			knownRegions = (
				en,
				Base,
			);
			mainGroup = BD4CD4A92998B1A9007906E6;
			productRefGroup = BD4CD4B32998B1A9007906E6 /* Products */;
			projectDirPath = "";
			projectRoot = "";
			targets = (
				BD4CD4B12998B1A9007906E6 /* TodoList */,
				BDD8FE0729C48AFE0013941A /* TodoListTests */,
			);
		};
/* End PBXProject section */

/* Begin PBXResourcesBuildPhase section */
		BD4CD4B02998B1A9007906E6 /* Resources */ = {
			isa = PBXResourcesBuildPhase;
			buildActionMask = 2147483647;
			files = (
				BD4CD4C22998B1AB007906E6 /* LaunchScreen.storyboard in Resources */,
				BD4CD4BF2998B1AB007906E6 /* Assets.xcassets in Resources */,
				BD012E5429D3DA9100BF24F6 /* README.md in Resources */,
				BD4E3D3329A6102F00D48578 /* LoginScene.storyboard in Resources */,
			);
			runOnlyForDeploymentPostprocessing = 0;
		};
		BDD8FE0629C48AFE0013941A /* Resources */ = {
			isa = PBXResourcesBuildPhase;
			buildActionMask = 2147483647;
			files = (
			);
			runOnlyForDeploymentPostprocessing = 0;
		};
/* End PBXResourcesBuildPhase section */

/* Begin PBXShellScriptBuildPhase section */
		BDB4748E29BC377900C30295 /* Run Swiftlint */ = {
			isa = PBXShellScriptBuildPhase;
			alwaysOutOfDate = 1;
			buildActionMask = 2147483647;
			files = (
			);
			inputFileListPaths = (
			);
			inputPaths = (
			);
			name = "Run Swiftlint";
			outputFileListPaths = (
			);
			outputPaths = (
			);
			runOnlyForDeploymentPostprocessing = 0;
			shellPath = /bin/sh;
			shellScript = "if which swiftlint > /dev/null; then\n  swiftlint --fix && swiftlint\nelse\n  echo \"warning: SwiftLint not installed, download from https://github.com/realm/SwiftLint\"\nfi\n";
		};
/* End PBXShellScriptBuildPhase section */

/* Begin PBXSourcesBuildPhase section */
		BD4CD4AE2998B1A9007906E6 /* Sources */ = {
			isa = PBXSourcesBuildPhase;
			buildActionMask = 2147483647;
			files = (
				BD13136C299C9B60002FFA4F /* Repository.swift in Sources */,
				BDD0397F29A61EE1002C5537 /* LoginInteractor.swift in Sources */,
				BDD0398529A61F0B002C5537 /* LoginWorker.swift in Sources */,
				BD1D1CF329A0DE2500243114 /* SectionForTaskManagerAdapter.swift in Sources */,
				BDB4748D29BB8C0B00C30295 /* TodoListAssembler.swift in Sources */,
				BD1D1CF529A105A400243114 /* TodoListPresenter.swift in Sources */,
				BDD0398729A63108002C5537 /* TodoListInteractor.swift in Sources */,
				BD4CD4BA2998B1A9007906E6 /* TodoListViewController.swift in Sources */,
				BD4CD4CF2998BD84007906E6 /* ToDoListCell.swift in Sources */,
				BD4CD4B62998B1A9007906E6 /* AppDelegate.swift in Sources */,
				BDD0398329A61EFC002C5537 /* LoginModels.swift in Sources */,
				BDD0398129A61EEE002C5537 /* LoginPresenter.swift in Sources */,
				BD5C62AC29A50A7100902D82 /* TodoListModel.swift in Sources */,
				BDB4748B29BB873500C30295 /* LoginAssembler.swift in Sources */,
				BD25A4D029B7749F00ACD5B4 /* LoginRouter.swift in Sources */,
				BDD0397D29A61EB6002C5537 /* LoginViewController.swift in Sources */,
				BD25264229E69C6100EF6AF4 /* TaskPriority+CustomStringConvertible.swift in Sources */,
				BD4CD4B82998B1A9007906E6 /* SceneDelegate.swift in Sources */,
			);
			runOnlyForDeploymentPostprocessing = 0;
		};
		BDD8FE0429C48AFE0013941A /* Sources */ = {
			isa = PBXSourcesBuildPhase;
			buildActionMask = 2147483647;
			files = (
				BD2C1F3D29D152680066FB7E /* LoginViewControllerTests.swift in Sources */,
				BD5520EA29E65D43009501B0 /* TodoListTableViewSpy.swift in Sources */,
				BDF531C929D05B4A001D8955 /* MockTaskManager.swift in Sources */,
				BD25263B29E6950B00EF6AF4 /* TodoListModel.swift in Sources */,
				BD5520DE29E65CDD009501B0 /* TodoListPresenterTests.swift in Sources */,
				BD5520E429E65D1E009501B0 /* TodoListPresenterSpy.swift in Sources */,
				BD2C1F3529D152380066FB7E /* LoginWorkerSpy.swift in Sources */,
				BD25263E29E6952F00EF6AF4 /* ToDoListCell.swift in Sources */,
				BD2C1F3F29D152730066FB7E /* LoginPresenterTests.swift in Sources */,
				BD2C1F3729D152450066FB7E /* LoginInteractorSpy.swift in Sources */,
				BD2C1F3B29D1525D0066FB7E /* LoginInteractorTests.swift in Sources */,
				BDD8FE1929C7505B0013941A /* SectionForTaskManagerAdapterTests.swift in Sources */,
				BD2C1F3329D152280066FB7E /* LoginPresenterSpy.swift in Sources */,
				BD5520E629E65D2D009501B0 /* TodoListViewControllerSpy.swift in Sources */,
				BD5520E229E65D0F009501B0 /* TodoListViewControllerTests.swift in Sources */,
				BD25263D29E6952500EF6AF4 /* TodoListViewController.swift in Sources */,
				BD25263F29E699BE00EF6AF4 /* TodoListPresenter.swift in Sources */,
				BD25262429E6885E00EF6AF4 /* TodoListInteractorTests.swift in Sources */,
				BD2C1F3929D1524F0066FB7E /* LoginViewControllerSpy.swift in Sources */,
				BD5520E829E65D39009501B0 /* TodoListInteractorSpy.swift in Sources */,
				BD25263A29E694E600EF6AF4 /* TodoListInteractor.swift in Sources */,
				BD25263929E6945000EF6AF4 /* SectionForTaskManagerAdapter.swift in Sources */,
			);
			runOnlyForDeploymentPostprocessing = 0;
		};
/* End PBXSourcesBuildPhase section */

/* Begin PBXTargetDependency section */
		BDD8FE0D29C48AFE0013941A /* PBXTargetDependency */ = {
			isa = PBXTargetDependency;
			target = BD4CD4B12998B1A9007906E6 /* TodoList */;
			targetProxy = BDD8FE0C29C48AFE0013941A /* PBXContainerItemProxy */;
		};
/* End PBXTargetDependency section */

/* Begin PBXVariantGroup section */
		BD4CD4C02998B1AB007906E6 /* LaunchScreen.storyboard */ = {
			isa = PBXVariantGroup;
			children = (
				BD4CD4C12998B1AB007906E6 /* Base */,
			);
			name = LaunchScreen.storyboard;
			sourceTree = "<group>";
		};
/* End PBXVariantGroup section */

/* Begin XCBuildConfiguration section */
		BD4CD4C42998B1AB007906E6 /* Debug */ = {
			isa = XCBuildConfiguration;
			buildSettings = {
				ALWAYS_SEARCH_USER_PATHS = NO;
				CLANG_ANALYZER_NONNULL = YES;
				CLANG_ANALYZER_NUMBER_OBJECT_CONVERSION = YES_AGGRESSIVE;
				CLANG_CXX_LANGUAGE_STANDARD = "gnu++20";
				CLANG_ENABLE_MODULES = YES;
				CLANG_ENABLE_OBJC_ARC = YES;
				CLANG_ENABLE_OBJC_WEAK = YES;
				CLANG_WARN_BLOCK_CAPTURE_AUTORELEASING = YES;
				CLANG_WARN_BOOL_CONVERSION = YES;
				CLANG_WARN_COMMA = YES;
				CLANG_WARN_CONSTANT_CONVERSION = YES;
				CLANG_WARN_DEPRECATED_OBJC_IMPLEMENTATIONS = YES;
				CLANG_WARN_DIRECT_OBJC_ISA_USAGE = YES_ERROR;
				CLANG_WARN_DOCUMENTATION_COMMENTS = YES;
				CLANG_WARN_EMPTY_BODY = YES;
				CLANG_WARN_ENUM_CONVERSION = YES;
				CLANG_WARN_INFINITE_RECURSION = YES;
				CLANG_WARN_INT_CONVERSION = YES;
				CLANG_WARN_NON_LITERAL_NULL_CONVERSION = YES;
				CLANG_WARN_OBJC_IMPLICIT_RETAIN_SELF = YES;
				CLANG_WARN_OBJC_LITERAL_CONVERSION = YES;
				CLANG_WARN_OBJC_ROOT_CLASS = YES_ERROR;
				CLANG_WARN_QUOTED_INCLUDE_IN_FRAMEWORK_HEADER = YES;
				CLANG_WARN_RANGE_LOOP_ANALYSIS = YES;
				CLANG_WARN_STRICT_PROTOTYPES = YES;
				CLANG_WARN_SUSPICIOUS_MOVE = YES;
				CLANG_WARN_UNGUARDED_AVAILABILITY = YES_AGGRESSIVE;
				CLANG_WARN_UNREACHABLE_CODE = YES;
				CLANG_WARN__DUPLICATE_METHOD_MATCH = YES;
				COPY_PHASE_STRIP = NO;
				DEBUG_INFORMATION_FORMAT = dwarf;
				ENABLE_STRICT_OBJC_MSGSEND = YES;
				ENABLE_TESTABILITY = YES;
				GCC_C_LANGUAGE_STANDARD = gnu11;
				GCC_DYNAMIC_NO_PIC = NO;
				GCC_NO_COMMON_BLOCKS = YES;
				GCC_OPTIMIZATION_LEVEL = 0;
				GCC_PREPROCESSOR_DEFINITIONS = (
					"DEBUG=1",
					"$(inherited)",
				);
				GCC_WARN_64_TO_32_BIT_CONVERSION = YES;
				GCC_WARN_ABOUT_RETURN_TYPE = YES_ERROR;
				GCC_WARN_UNDECLARED_SELECTOR = YES;
				GCC_WARN_UNINITIALIZED_AUTOS = YES_AGGRESSIVE;
				GCC_WARN_UNUSED_FUNCTION = YES;
				GCC_WARN_UNUSED_VARIABLE = YES;
				IPHONEOS_DEPLOYMENT_TARGET = 16.2;
				MTL_ENABLE_DEBUG_INFO = INCLUDE_SOURCE;
				MTL_FAST_MATH = YES;
				ONLY_ACTIVE_ARCH = YES;
				SDKROOT = iphoneos;
				SWIFT_ACTIVE_COMPILATION_CONDITIONS = DEBUG;
				SWIFT_OPTIMIZATION_LEVEL = "-Onone";
			};
			name = Debug;
		};
		BD4CD4C52998B1AB007906E6 /* Release */ = {
			isa = XCBuildConfiguration;
			buildSettings = {
				ALWAYS_SEARCH_USER_PATHS = NO;
				CLANG_ANALYZER_NONNULL = YES;
				CLANG_ANALYZER_NUMBER_OBJECT_CONVERSION = YES_AGGRESSIVE;
				CLANG_CXX_LANGUAGE_STANDARD = "gnu++20";
				CLANG_ENABLE_MODULES = YES;
				CLANG_ENABLE_OBJC_ARC = YES;
				CLANG_ENABLE_OBJC_WEAK = YES;
				CLANG_WARN_BLOCK_CAPTURE_AUTORELEASING = YES;
				CLANG_WARN_BOOL_CONVERSION = YES;
				CLANG_WARN_COMMA = YES;
				CLANG_WARN_CONSTANT_CONVERSION = YES;
				CLANG_WARN_DEPRECATED_OBJC_IMPLEMENTATIONS = YES;
				CLANG_WARN_DIRECT_OBJC_ISA_USAGE = YES_ERROR;
				CLANG_WARN_DOCUMENTATION_COMMENTS = YES;
				CLANG_WARN_EMPTY_BODY = YES;
				CLANG_WARN_ENUM_CONVERSION = YES;
				CLANG_WARN_INFINITE_RECURSION = YES;
				CLANG_WARN_INT_CONVERSION = YES;
				CLANG_WARN_NON_LITERAL_NULL_CONVERSION = YES;
				CLANG_WARN_OBJC_IMPLICIT_RETAIN_SELF = YES;
				CLANG_WARN_OBJC_LITERAL_CONVERSION = YES;
				CLANG_WARN_OBJC_ROOT_CLASS = YES_ERROR;
				CLANG_WARN_QUOTED_INCLUDE_IN_FRAMEWORK_HEADER = YES;
				CLANG_WARN_RANGE_LOOP_ANALYSIS = YES;
				CLANG_WARN_STRICT_PROTOTYPES = YES;
				CLANG_WARN_SUSPICIOUS_MOVE = YES;
				CLANG_WARN_UNGUARDED_AVAILABILITY = YES_AGGRESSIVE;
				CLANG_WARN_UNREACHABLE_CODE = YES;
				CLANG_WARN__DUPLICATE_METHOD_MATCH = YES;
				COPY_PHASE_STRIP = NO;
				DEBUG_INFORMATION_FORMAT = "dwarf-with-dsym";
				ENABLE_NS_ASSERTIONS = NO;
				ENABLE_STRICT_OBJC_MSGSEND = YES;
				GCC_C_LANGUAGE_STANDARD = gnu11;
				GCC_NO_COMMON_BLOCKS = YES;
				GCC_WARN_64_TO_32_BIT_CONVERSION = YES;
				GCC_WARN_ABOUT_RETURN_TYPE = YES_ERROR;
				GCC_WARN_UNDECLARED_SELECTOR = YES;
				GCC_WARN_UNINITIALIZED_AUTOS = YES_AGGRESSIVE;
				GCC_WARN_UNUSED_FUNCTION = YES;
				GCC_WARN_UNUSED_VARIABLE = YES;
				IPHONEOS_DEPLOYMENT_TARGET = 16.2;
				MTL_ENABLE_DEBUG_INFO = NO;
				MTL_FAST_MATH = YES;
				SDKROOT = iphoneos;
				SWIFT_COMPILATION_MODE = wholemodule;
				SWIFT_OPTIMIZATION_LEVEL = "-O";
				VALIDATE_PRODUCT = YES;
			};
			name = Release;
		};
		BD4CD4C72998B1AB007906E6 /* Debug */ = {
			isa = XCBuildConfiguration;
			buildSettings = {
				ASSETCATALOG_COMPILER_APPICON_NAME = AppIcon;
				ASSETCATALOG_COMPILER_GLOBAL_ACCENT_COLOR_NAME = AccentColor;
				CODE_SIGN_STYLE = Automatic;
				CURRENT_PROJECT_VERSION = 1;
				DEVELOPMENT_TEAM = LKK2YPD73Z;
				GENERATE_INFOPLIST_FILE = YES;
				INFOPLIST_FILE = ToDoList/Info.plist;
				INFOPLIST_KEY_UIApplicationSupportsIndirectInputEvents = YES;
				INFOPLIST_KEY_UILaunchStoryboardName = LaunchScreen;
				INFOPLIST_KEY_UIMainStoryboardFile = "";
				INFOPLIST_KEY_UISupportedInterfaceOrientations = UIInterfaceOrientationPortrait;
				INFOPLIST_KEY_UISupportedInterfaceOrientations_iPad = "UIInterfaceOrientationLandscapeLeft UIInterfaceOrientationLandscapeRight UIInterfaceOrientationPortrait UIInterfaceOrientationPortraitUpsideDown";
				LD_RUNPATH_SEARCH_PATHS = (
					"$(inherited)",
					"@executable_path/Frameworks",
				);
				MARKETING_VERSION = 1.0;
				PRODUCT_BUNDLE_IDENTIFIER = ToDoList;
				PRODUCT_NAME = "$(TARGET_NAME)";
				SUPPORTED_PLATFORMS = "iphoneos iphonesimulator";
				SUPPORTS_MACCATALYST = NO;
				SUPPORTS_MAC_DESIGNED_FOR_IPHONE_IPAD = NO;
				SWIFT_EMIT_LOC_STRINGS = YES;
				SWIFT_VERSION = 5.0;
				TARGETED_DEVICE_FAMILY = 1;
			};
			name = Debug;
		};
		BD4CD4C82998B1AB007906E6 /* Release */ = {
			isa = XCBuildConfiguration;
			buildSettings = {
				ASSETCATALOG_COMPILER_APPICON_NAME = AppIcon;
				ASSETCATALOG_COMPILER_GLOBAL_ACCENT_COLOR_NAME = AccentColor;
				CODE_SIGN_STYLE = Automatic;
				CURRENT_PROJECT_VERSION = 1;
				DEVELOPMENT_TEAM = LKK2YPD73Z;
				GENERATE_INFOPLIST_FILE = YES;
				INFOPLIST_FILE = ToDoList/Info.plist;
				INFOPLIST_KEY_UIApplicationSupportsIndirectInputEvents = YES;
				INFOPLIST_KEY_UILaunchStoryboardName = LaunchScreen;
				INFOPLIST_KEY_UIMainStoryboardFile = "";
				INFOPLIST_KEY_UISupportedInterfaceOrientations = UIInterfaceOrientationPortrait;
				INFOPLIST_KEY_UISupportedInterfaceOrientations_iPad = "UIInterfaceOrientationLandscapeLeft UIInterfaceOrientationLandscapeRight UIInterfaceOrientationPortrait UIInterfaceOrientationPortraitUpsideDown";
				LD_RUNPATH_SEARCH_PATHS = (
					"$(inherited)",
					"@executable_path/Frameworks",
				);
				MARKETING_VERSION = 1.0;
				PRODUCT_BUNDLE_IDENTIFIER = ToDoList;
				PRODUCT_NAME = "$(TARGET_NAME)";
				SUPPORTED_PLATFORMS = "iphoneos iphonesimulator";
				SUPPORTS_MACCATALYST = NO;
				SUPPORTS_MAC_DESIGNED_FOR_IPHONE_IPAD = NO;
				SWIFT_EMIT_LOC_STRINGS = YES;
				SWIFT_VERSION = 5.0;
				TARGETED_DEVICE_FAMILY = 1;
			};
			name = Release;
		};
		BDD8FE0E29C48AFE0013941A /* Debug */ = {
			isa = XCBuildConfiguration;
			buildSettings = {
				BUNDLE_LOADER = "$(TEST_HOST)";
				CLANG_ENABLE_MODULES = YES;
				CODE_SIGN_STYLE = Automatic;
				CURRENT_PROJECT_VERSION = 1;
				DEAD_CODE_STRIPPING = YES;
				DEVELOPMENT_TEAM = LKK2YPD73Z;
				GENERATE_INFOPLIST_FILE = YES;
				IPHONEOS_DEPLOYMENT_TARGET = 16.2;
				LD_RUNPATH_SEARCH_PATHS = (
					"$(inherited)",
					"@executable_path/Frameworks",
					"@loader_path/Frameworks",
				);
				MACOSX_DEPLOYMENT_TARGET = 13.1;
				MARKETING_VERSION = 1.0;
				PRODUCT_BUNDLE_IDENTIFIER = Logunkov.ToDoListTests;
				PRODUCT_NAME = "$(TARGET_NAME)";
				SDKROOT = auto;
				SUPPORTED_PLATFORMS = "iphoneos iphonesimulator macosx";
				SWIFT_EMIT_LOC_STRINGS = NO;
				SWIFT_OPTIMIZATION_LEVEL = "-Onone";
				SWIFT_VERSION = 5.0;
				TARGETED_DEVICE_FAMILY = "1,2";
				TEST_HOST = "$(BUILT_PRODUCTS_DIR)/TodoList.app/$(BUNDLE_EXECUTABLE_FOLDER_PATH)/TodoList";
			};
			name = Debug;
		};
		BDD8FE0F29C48AFE0013941A /* Release */ = {
			isa = XCBuildConfiguration;
			buildSettings = {
				BUNDLE_LOADER = "$(TEST_HOST)";
				CLANG_ENABLE_MODULES = YES;
				CODE_SIGN_STYLE = Automatic;
				CURRENT_PROJECT_VERSION = 1;
				DEAD_CODE_STRIPPING = YES;
				DEVELOPMENT_TEAM = LKK2YPD73Z;
				GENERATE_INFOPLIST_FILE = YES;
				IPHONEOS_DEPLOYMENT_TARGET = 16.2;
				LD_RUNPATH_SEARCH_PATHS = (
					"$(inherited)",
					"@executable_path/Frameworks",
					"@loader_path/Frameworks",
				);
				MACOSX_DEPLOYMENT_TARGET = 13.1;
				MARKETING_VERSION = 1.0;
				PRODUCT_BUNDLE_IDENTIFIER = Logunkov.ToDoListTests;
				PRODUCT_NAME = "$(TARGET_NAME)";
				SDKROOT = auto;
				SUPPORTED_PLATFORMS = "iphoneos iphonesimulator macosx";
				SWIFT_EMIT_LOC_STRINGS = NO;
				SWIFT_VERSION = 5.0;
				TARGETED_DEVICE_FAMILY = "1,2";
				TEST_HOST = "$(BUILT_PRODUCTS_DIR)/TodoList.app/$(BUNDLE_EXECUTABLE_FOLDER_PATH)/TodoList";
			};
			name = Release;
		};
/* End XCBuildConfiguration section */

/* Begin XCConfigurationList section */
		BD4CD4AD2998B1A9007906E6 /* Build configuration list for PBXProject "ToDoList" */ = {
			isa = XCConfigurationList;
			buildConfigurations = (
				BD4CD4C42998B1AB007906E6 /* Debug */,
				BD4CD4C52998B1AB007906E6 /* Release */,
			);
			defaultConfigurationIsVisible = 0;
			defaultConfigurationName = Release;
		};
		BD4CD4C62998B1AB007906E6 /* Build configuration list for PBXNativeTarget "TodoList" */ = {
			isa = XCConfigurationList;
			buildConfigurations = (
				BD4CD4C72998B1AB007906E6 /* Debug */,
				BD4CD4C82998B1AB007906E6 /* Release */,
			);
			defaultConfigurationIsVisible = 0;
			defaultConfigurationName = Release;
		};
		BDD8FE1029C48AFE0013941A /* Build configuration list for PBXNativeTarget "TodoListTests" */ = {
			isa = XCConfigurationList;
			buildConfigurations = (
				BDD8FE0E29C48AFE0013941A /* Debug */,
				BDD8FE0F29C48AFE0013941A /* Release */,
			);
			defaultConfigurationIsVisible = 0;
			defaultConfigurationName = Release;
		};
/* End XCConfigurationList section */

/* Begin XCSwiftPackageProductDependency section */
		BD012E5729D3DC5600BF24F6 /* TaskManagerPackage */ = {
			isa = XCSwiftPackageProductDependency;
			productName = TaskManagerPackage;
		};
/* End XCSwiftPackageProductDependency section */
	};
	rootObject = BD4CD4AA2998B1A9007906E6 /* Project object */;
}
